// !$*UTF8*$!
{
	archiveVersion = 1;
	classes = {
	};
	objectVersion = 46;
	objects = {

/* Begin PBXBuildFile section */
		207278671ED61715000E7E72 /* RHActivityIndicatorDialog.framework in Frameworks */ = {isa = PBXBuildFile; fileRef = 2072785D1ED61715000E7E72 /* RHActivityIndicatorDialog.framework */; };
		2072786C1ED61715000E7E72 /* RHActivityIndicatorDialogTests.swift in Sources */ = {isa = PBXBuildFile; fileRef = 2072786B1ED61715000E7E72 /* RHActivityIndicatorDialogTests.swift */; };
		2072786E1ED61715000E7E72 /* RHActivityIndicatorDialog.h in Headers */ = {isa = PBXBuildFile; fileRef = 207278601ED61715000E7E72 /* RHActivityIndicatorDialog.h */; settings = {ATTRIBUTES = (Public, ); }; };
		20D403611ED61ACB00FAFB33 /* RHActivityIndicatorDialog.swift in Sources */ = {isa = PBXBuildFile; fileRef = 20D403601ED61ACB00FAFB33 /* RHActivityIndicatorDialog.swift */; };
/* End PBXBuildFile section */

/* Begin PBXContainerItemProxy section */
		207278681ED61715000E7E72 /* PBXContainerItemProxy */ = {
			isa = PBXContainerItemProxy;
			containerPortal = 207278541ED61715000E7E72 /* Project object */;
			proxyType = 1;
			remoteGlobalIDString = 2072785C1ED61715000E7E72;
			remoteInfo = RHActivityIndicatorDialog;
		};
/* End PBXContainerItemProxy section */

/* Begin PBXFileReference section */
		2072785D1ED61715000E7E72 /* RHActivityIndicatorDialog.framework */ = {isa = PBXFileReference; explicitFileType = wrapper.framework; includeInIndex = 0; path = RHActivityIndicatorDialog.framework; sourceTree = BUILT_PRODUCTS_DIR; };
		207278601ED61715000E7E72 /* RHActivityIndicatorDialog.h */ = {isa = PBXFileReference; lastKnownFileType = sourcecode.c.h; path = RHActivityIndicatorDialog.h; sourceTree = "<group>"; };
		207278611ED61715000E7E72 /* Info.plist */ = {isa = PBXFileReference; lastKnownFileType = text.plist.xml; path = Info.plist; sourceTree = "<group>"; };
		207278661ED61715000E7E72 /* RHActivityIndicatorDialogTests.xctest */ = {isa = PBXFileReference; explicitFileType = wrapper.cfbundle; includeInIndex = 0; path = RHActivityIndicatorDialogTests.xctest; sourceTree = BUILT_PRODUCTS_DIR; };
		2072786B1ED61715000E7E72 /* RHActivityIndicatorDialogTests.swift */ = {isa = PBXFileReference; lastKnownFileType = sourcecode.swift; path = RHActivityIndicatorDialogTests.swift; sourceTree = "<group>"; };
		2072786D1ED61715000E7E72 /* Info.plist */ = {isa = PBXFileReference; lastKnownFileType = text.plist.xml; path = Info.plist; sourceTree = "<group>"; };
		20D403601ED61ACB00FAFB33 /* RHActivityIndicatorDialog.swift */ = {isa = PBXFileReference; fileEncoding = 4; lastKnownFileType = sourcecode.swift; path = RHActivityIndicatorDialog.swift; sourceTree = "<group>"; };
/* End PBXFileReference section */

/* Begin PBXFrameworksBuildPhase section */
		207278591ED61715000E7E72 /* Frameworks */ = {
			isa = PBXFrameworksBuildPhase;
			buildActionMask = 2147483647;
			files = (
			);
			runOnlyForDeploymentPostprocessing = 0;
		};
		207278631ED61715000E7E72 /* Frameworks */ = {
			isa = PBXFrameworksBuildPhase;
			buildActionMask = 2147483647;
			files = (
				207278671ED61715000E7E72 /* RHActivityIndicatorDialog.framework in Frameworks */,
			);
			runOnlyForDeploymentPostprocessing = 0;
		};
/* End PBXFrameworksBuildPhase section */

/* Begin PBXGroup section */
		207278531ED61715000E7E72 = {
			isa = PBXGroup;
			children = (
				2072785F1ED61715000E7E72 /* RHActivityIndicatorDialog */,
				2072786A1ED61715000E7E72 /* RHActivityIndicatorDialogTests */,
				2072785E1ED61715000E7E72 /* Products */,
			);
			sourceTree = "<group>";
		};
		2072785E1ED61715000E7E72 /* Products */ = {
			isa = PBXGroup;
			children = (
				2072785D1ED61715000E7E72 /* RHActivityIndicatorDialog.framework */,
				207278661ED61715000E7E72 /* RHActivityIndicatorDialogTests.xctest */,
			);
			name = Products;
			sourceTree = "<group>";
		};
		2072785F1ED61715000E7E72 /* RHActivityIndicatorDialog */ = {
			isa = PBXGroup;
			children = (
				207278601ED61715000E7E72 /* RHActivityIndicatorDialog.h */,
				207278611ED61715000E7E72 /* Info.plist */,
				20D403601ED61ACB00FAFB33 /* RHActivityIndicatorDialog.swift */,
			);
			path = RHActivityIndicatorDialog;
			sourceTree = "<group>";
		};
		2072786A1ED61715000E7E72 /* RHActivityIndicatorDialogTests */ = {
			isa = PBXGroup;
			children = (
				2072786B1ED61715000E7E72 /* RHActivityIndicatorDialogTests.swift */,
				2072786D1ED61715000E7E72 /* Info.plist */,
			);
			path = RHActivityIndicatorDialogTests;
			sourceTree = "<group>";
		};
/* End PBXGroup section */

/* Begin PBXHeadersBuildPhase section */
		2072785A1ED61715000E7E72 /* Headers */ = {
			isa = PBXHeadersBuildPhase;
			buildActionMask = 2147483647;
			files = (
				2072786E1ED61715000E7E72 /* RHActivityIndicatorDialog.h in Headers */,
			);
			runOnlyForDeploymentPostprocessing = 0;
		};
/* End PBXHeadersBuildPhase section */

/* Begin PBXNativeTarget section */
		2072785C1ED61715000E7E72 /* RHActivityIndicatorDialog */ = {
			isa = PBXNativeTarget;
			buildConfigurationList = 207278711ED61715000E7E72 /* Build configuration list for PBXNativeTarget "RHActivityIndicatorDialog" */;
			buildPhases = (
				207278581ED61715000E7E72 /* Sources */,
				207278591ED61715000E7E72 /* Frameworks */,
				2072785A1ED61715000E7E72 /* Headers */,
				2072785B1ED61715000E7E72 /* Resources */,
			);
			buildRules = (
			);
			dependencies = (
			);
			name = RHActivityIndicatorDialog;
			productName = RHActivityIndicatorDialog;
			productReference = 2072785D1ED61715000E7E72 /* RHActivityIndicatorDialog.framework */;
			productType = "com.apple.product-type.framework";
		};
		207278651ED61715000E7E72 /* RHActivityIndicatorDialogTests */ = {
			isa = PBXNativeTarget;
			buildConfigurationList = 207278741ED61715000E7E72 /* Build configuration list for PBXNativeTarget "RHActivityIndicatorDialogTests" */;
			buildPhases = (
				207278621ED61715000E7E72 /* Sources */,
				207278631ED61715000E7E72 /* Frameworks */,
				207278641ED61715000E7E72 /* Resources */,
			);
			buildRules = (
			);
			dependencies = (
				207278691ED61715000E7E72 /* PBXTargetDependency */,
			);
			name = RHActivityIndicatorDialogTests;
			productName = RHActivityIndicatorDialogTests;
			productReference = 207278661ED61715000E7E72 /* RHActivityIndicatorDialogTests.xctest */;
			productType = "com.apple.product-type.bundle.unit-test";
		};
/* End PBXNativeTarget section */

/* Begin PBXProject section */
		207278541ED61715000E7E72 /* Project object */ = {
			isa = PBXProject;
			attributes = {
				LastSwiftUpdateCheck = 0830;
				LastUpgradeCheck = 0830;
				ORGANIZATIONNAME = "Ryan Harri";
				TargetAttributes = {
					2072785C1ED61715000E7E72 = {
						CreatedOnToolsVersion = 8.3.2;
						DevelopmentTeam = H57HZ35QZN;
						LastSwiftMigration = 0830;
						ProvisioningStyle = Automatic;
					};
					207278651ED61715000E7E72 = {
						CreatedOnToolsVersion = 8.3.2;
						DevelopmentTeam = H57HZ35QZN;
						ProvisioningStyle = Automatic;
					};
				};
			};
			buildConfigurationList = 207278571ED61715000E7E72 /* Build configuration list for PBXProject "RHActivityIndicatorDialog" */;
			compatibilityVersion = "Xcode 3.2";
			developmentRegion = English;
			hasScannedForEncodings = 0;
			knownRegions = (
				en,
			);
			mainGroup = 207278531ED61715000E7E72;
			productRefGroup = 2072785E1ED61715000E7E72 /* Products */;
			projectDirPath = "";
			projectRoot = "";
			targets = (
				2072785C1ED61715000E7E72 /* RHActivityIndicatorDialog */,
				207278651ED61715000E7E72 /* RHActivityIndicatorDialogTests */,
			);
		};
/* End PBXProject section */

/* Begin PBXResourcesBuildPhase section */
		2072785B1ED61715000E7E72 /* Resources */ = {
			isa = PBXResourcesBuildPhase;
			buildActionMask = 2147483647;
			files = (
			);
			runOnlyForDeploymentPostprocessing = 0;
		};
		207278641ED61715000E7E72 /* Resources */ = {
			isa = PBXResourcesBuildPhase;
			buildActionMask = 2147483647;
			files = (
			);
			runOnlyForDeploymentPostprocessing = 0;
		};
/* End PBXResourcesBuildPhase section */

/* Begin PBXSourcesBuildPhase section */
		207278581ED61715000E7E72 /* Sources */ = {
			isa = PBXSourcesBuildPhase;
			buildActionMask = 2147483647;
			files = (
				20D403611ED61ACB00FAFB33 /* RHActivityIndicatorDialog.swift in Sources */,
			);
			runOnlyForDeploymentPostprocessing = 0;
		};
		207278621ED61715000E7E72 /* Sources */ = {
			isa = PBXSourcesBuildPhase;
			buildActionMask = 2147483647;
			files = (
				2072786C1ED61715000E7E72 /* RHActivityIndicatorDialogTests.swift in Sources */,
			);
			runOnlyForDeploymentPostprocessing = 0;
		};
/* End PBXSourcesBuildPhase section */

/* Begin PBXTargetDependency section */
		207278691ED61715000E7E72 /* PBXTargetDependency */ = {
			isa = PBXTargetDependency;
			target = 2072785C1ED61715000E7E72 /* RHActivityIndicatorDialog */;
			targetProxy = 207278681ED61715000E7E72 /* PBXContainerItemProxy */;
		};
/* End PBXTargetDependency section */

/* Begin XCBuildConfiguration section */
		2072786F1ED61715000E7E72 /* Debug */ = {
			isa = XCBuildConfiguration;
			buildSettings = {
				ALWAYS_SEARCH_USER_PATHS = NO;
				CLANG_ANALYZER_NONNULL = YES;
				CLANG_ANALYZER_NUMBER_OBJECT_CONVERSION = YES_AGGRESSIVE;
				CLANG_CXX_LANGUAGE_STANDARD = "gnu++0x";
				CLANG_CXX_LIBRARY = "libc++";
				CLANG_ENABLE_MODULES = YES;
				CLANG_ENABLE_OBJC_ARC = YES;
				CLANG_WARN_BOOL_CONVERSION = YES;
				CLANG_WARN_CONSTANT_CONVERSION = YES;
				CLANG_WARN_DIRECT_OBJC_ISA_USAGE = YES_ERROR;
				CLANG_WARN_DOCUMENTATION_COMMENTS = YES;
				CLANG_WARN_EMPTY_BODY = YES;
				CLANG_WARN_ENUM_CONVERSION = YES;
				CLANG_WARN_INFINITE_RECURSION = YES;
				CLANG_WARN_INT_CONVERSION = YES;
				CLANG_WARN_OBJC_ROOT_CLASS = YES_ERROR;
				CLANG_WARN_SUSPICIOUS_MOVE = YES;
				CLANG_WARN_UNREACHABLE_CODE = YES;
				CLANG_WARN__DUPLICATE_METHOD_MATCH = YES;
				"CODE_SIGN_IDENTITY[sdk=iphoneos*]" = "iPhone Developer";
				COPY_PHASE_STRIP = NO;
				CURRENT_PROJECT_VERSION = 1;
				DEBUG_INFORMATION_FORMAT = dwarf;
				ENABLE_STRICT_OBJC_MSGSEND = YES;
				ENABLE_TESTABILITY = YES;
				GCC_C_LANGUAGE_STANDARD = gnu99;
				GCC_DYNAMIC_NO_PIC = NO;
				GCC_NO_COMMON_BLOCKS = YES;
				GCC_OPTIMIZATION_LEVEL = 0;
				GCC_PREPROCESSOR_DEFINITIONS = (
					"DEBUG=1",
					"$(inherited)",
				);
				GCC_WARN_64_TO_32_BIT_CONVERSION = YES;
				GCC_WARN_ABOUT_RETURN_TYPE = YES_ERROR;
				GCC_WARN_UNDECLARED_SELECTOR = YES;
				GCC_WARN_UNINITIALIZED_AUTOS = YES_AGGRESSIVE;
				GCC_WARN_UNUSED_FUNCTION = YES;
				GCC_WARN_UNUSED_VARIABLE = YES;
				IPHONEOS_DEPLOYMENT_TARGET = 10.3;
				MTL_ENABLE_DEBUG_INFO = YES;
				ONLY_ACTIVE_ARCH = YES;
				SDKROOT = iphoneos;
				SWIFT_ACTIVE_COMPILATION_CONDITIONS = DEBUG;
				SWIFT_OPTIMIZATION_LEVEL = "-Onone";
				TARGETED_DEVICE_FAMILY = "1,2";
				VERSIONING_SYSTEM = "apple-generic";
				VERSION_INFO_PREFIX = "";
			};
			name = Debug;
		};
		207278701ED61715000E7E72 /* Release */ = {
			isa = XCBuildConfiguration;
			buildSettings = {
				ALWAYS_SEARCH_USER_PATHS = NO;
				CLANG_ANALYZER_NONNULL = YES;
				CLANG_ANALYZER_NUMBER_OBJECT_CONVERSION = YES_AGGRESSIVE;
				CLANG_CXX_LANGUAGE_STANDARD = "gnu++0x";
				CLANG_CXX_LIBRARY = "libc++";
				CLANG_ENABLE_MODULES = YES;
				CLANG_ENABLE_OBJC_ARC = YES;
				CLANG_WARN_BOOL_CONVERSION = YES;
				CLANG_WARN_CONSTANT_CONVERSION = YES;
				CLANG_WARN_DIRECT_OBJC_ISA_USAGE = YES_ERROR;
				CLANG_WARN_DOCUMENTATION_COMMENTS = YES;
				CLANG_WARN_EMPTY_BODY = YES;
				CLANG_WARN_ENUM_CONVERSION = YES;
				CLANG_WARN_INFINITE_RECURSION = YES;
				CLANG_WARN_INT_CONVERSION = YES;
				CLANG_WARN_OBJC_ROOT_CLASS = YES_ERROR;
				CLANG_WARN_SUSPICIOUS_MOVE = YES;
				CLANG_WARN_UNREACHABLE_CODE = YES;
				CLANG_WARN__DUPLICATE_METHOD_MATCH = YES;
				"CODE_SIGN_IDENTITY[sdk=iphoneos*]" = "iPhone Developer";
				COPY_PHASE_STRIP = NO;
				CURRENT_PROJECT_VERSION = 1;
				DEBUG_INFORMATION_FORMAT = "dwarf-with-dsym";
				ENABLE_NS_ASSERTIONS = NO;
				ENABLE_STRICT_OBJC_MSGSEND = YES;
				GCC_C_LANGUAGE_STANDARD = gnu99;
				GCC_NO_COMMON_BLOCKS = YES;
				GCC_WARN_64_TO_32_BIT_CONVERSION = YES;
				GCC_WARN_ABOUT_RETURN_TYPE = YES_ERROR;
				GCC_WARN_UNDECLARED_SELECTOR = YES;
				GCC_WARN_UNINITIALIZED_AUTOS = YES_AGGRESSIVE;
				GCC_WARN_UNUSED_FUNCTION = YES;
				GCC_WARN_UNUSED_VARIABLE = YES;
				IPHONEOS_DEPLOYMENT_TARGET = 10.3;
				MTL_ENABLE_DEBUG_INFO = NO;
				SDKROOT = iphoneos;
				SWIFT_OPTIMIZATION_LEVEL = "-Owholemodule";
				TARGETED_DEVICE_FAMILY = "1,2";
				VALIDATE_PRODUCT = YES;
				VERSIONING_SYSTEM = "apple-generic";
				VERSION_INFO_PREFIX = "";
			};
			name = Release;
		};
		207278721ED61715000E7E72 /* Debug */ = {
			isa = XCBuildConfiguration;
			buildSettings = {
				CLANG_ENABLE_MODULES = YES;
				CODE_SIGN_IDENTITY = "";
				DEFINES_MODULE = YES;
				DEVELOPMENT_TEAM = H57HZ35QZN;
				DYLIB_COMPATIBILITY_VERSION = 1;
				DYLIB_CURRENT_VERSION = 1;
				DYLIB_INSTALL_NAME_BASE = "@rpath";
				INFOPLIST_FILE = RHActivityIndicatorDialog/Info.plist;
				INSTALL_PATH = "$(LOCAL_LIBRARY_DIR)/Frameworks";
				LD_RUNPATH_SEARCH_PATHS = "$(inherited) @executable_path/Frameworks @loader_path/Frameworks";
				PRODUCT_BUNDLE_IDENTIFIER = com.ryanharri.RHActivityIndicatorDialog;
				PRODUCT_NAME = "$(TARGET_NAME)";
				SKIP_INSTALL = YES;
				SWIFT_OPTIMIZATION_LEVEL = "-Onone";
				SWIFT_VERSION = 3.0;
			};
			name = Debug;
		};
		207278731ED61715000E7E72 /* Release */ = {
			isa = XCBuildConfiguration;
			buildSettings = {
				CLANG_ENABLE_MODULES = YES;
				CODE_SIGN_IDENTITY = "";
				DEFINES_MODULE = YES;
				DEVELOPMENT_TEAM = H57HZ35QZN;
				DYLIB_COMPATIBILITY_VERSION = 1;
				DYLIB_CURRENT_VERSION = 1;
				DYLIB_INSTALL_NAME_BASE = "@rpath";
				INFOPLIST_FILE = RHActivityIndicatorDialog/Info.plist;
				INSTALL_PATH = "$(LOCAL_LIBRARY_DIR)/Frameworks";
				LD_RUNPATH_SEARCH_PATHS = "$(inherited) @executable_path/Frameworks @loader_path/Frameworks";
				PRODUCT_BUNDLE_IDENTIFIER = com.ryanharri.RHActivityIndicatorDialog;
				PRODUCT_NAME = "$(TARGET_NAME)";
				SKIP_INSTALL = YES;
				SWIFT_VERSION = 3.0;
			};
			name = Release;
		};
		207278751ED61715000E7E72 /* Debug */ = {
			isa = XCBuildConfiguration;
			buildSettings = {
				ALWAYS_EMBED_SWIFT_STANDARD_LIBRARIES = YES;
				DEVELOPMENT_TEAM = H57HZ35QZN;
				INFOPLIST_FILE = RHActivityIndicatorDialogTests/Info.plist;
				LD_RUNPATH_SEARCH_PATHS = "$(inherited) @executable_path/Frameworks @loader_path/Frameworks";
				PRODUCT_BUNDLE_IDENTIFIER = com.ryanharri.RHActivityIndicatorDialogTests;
				PRODUCT_NAME = "$(TARGET_NAME)";
				SWIFT_VERSION = 3.0;
			};
			name = Debug;
		};
		207278761ED61715000E7E72 /* Release */ = {
			isa = XCBuildConfiguration;
			buildSettings = {
				ALWAYS_EMBED_SWIFT_STANDARD_LIBRARIES = YES;
				DEVELOPMENT_TEAM = H57HZ35QZN;
				INFOPLIST_FILE = RHActivityIndicatorDialogTests/Info.plist;
				LD_RUNPATH_SEARCH_PATHS = "$(inherited) @executable_path/Frameworks @loader_path/Frameworks";
				PRODUCT_BUNDLE_IDENTIFIER = com.ryanharri.RHActivityIndicatorDialogTests;
				PRODUCT_NAME = "$(TARGET_NAME)";
				SWIFT_VERSION = 3.0;
			};
			name = Release;
		};
/* End XCBuildConfiguration section */

/* Begin XCConfigurationList section */
		207278571ED61715000E7E72 /* Build configuration list for PBXProject "RHActivityIndicatorDialog" */ = {
			isa = XCConfigurationList;
			buildConfigurations = (
				2072786F1ED61715000E7E72 /* Debug */,
				207278701ED61715000E7E72 /* Release */,
			);
			defaultConfigurationIsVisible = 0;
			defaultConfigurationName = Release;
		};
		207278711ED61715000E7E72 /* Build configuration list for PBXNativeTarget "RHActivityIndicatorDialog" */ = {
			isa = XCConfigurationList;
			buildConfigurations = (
				207278721ED61715000E7E72 /* Debug */,
				207278731ED61715000E7E72 /* Release */,
			);
			defaultConfigurationIsVisible = 0;
			defaultConfigurationName = Release;
		};
		207278741ED61715000E7E72 /* Build configuration list for PBXNativeTarget "RHActivityIndicatorDialogTests" */ = {
			isa = XCConfigurationList;
			buildConfigurations = (
				207278751ED61715000E7E72 /* Debug */,
				207278761ED61715000E7E72 /* Release */,
			);
			defaultConfigurationIsVisible = 0;
			defaultConfigurationName = Release;
		};
/* End XCConfigurationList section */
	};
	rootObject = 207278541ED61715000E7E72 /* Project object */;
}
